// !$*UTF8*$!
{
	archiveVersion = 1;
	classes = {
	};
	objectVersion = 50;
	objects = {

/* Begin PBXBuildFile section */
		290D873C2810D84F000BDF2E /* AppDelegate.swift in Sources */ = {isa = PBXBuildFile; fileRef = 290D873B2810D84F000BDF2E /* AppDelegate.swift */; };
		290D873E2810D84F000BDF2E /* SceneDelegate.swift in Sources */ = {isa = PBXBuildFile; fileRef = 290D873D2810D84F000BDF2E /* SceneDelegate.swift */; };
		290D87452810D851000BDF2E /* Assets.xcassets in Resources */ = {isa = PBXBuildFile; fileRef = 290D87442810D851000BDF2E /* Assets.xcassets */; };
		290D87482810D851000BDF2E /* LaunchScreen.storyboard in Resources */ = {isa = PBXBuildFile; fileRef = 290D87462810D851000BDF2E /* LaunchScreen.storyboard */; };
		296A03592811E60D0092FC86 /* ChatVC.swift in Sources */ = {isa = PBXBuildFile; fileRef = 296A03582811E60D0092FC86 /* ChatVC.swift */; };
		296A035D2811E61D0092FC86 /* ChannelVC.swift in Sources */ = {isa = PBXBuildFile; fileRef = 296A035C2811E61D0092FC86 /* ChannelVC.swift */; };
		29A2D6182812251D0014FEE5 /* PresentationController.swift in Sources */ = {isa = PBXBuildFile; fileRef = 29A2D6172812251D0014FEE5 /* PresentationController.swift */; };
		29A2D61D281236ED0014FEE5 /* Extensions.swift in Sources */ = {isa = PBXBuildFile; fileRef = 29A2D61C281236ED0014FEE5 /* Extensions.swift */; };
		29B76F0E2810FE9900D952D3 /* SWRevealViewController.m in Sources */ = {isa = PBXBuildFile; fileRef = 29B76F0D2810FE9900D952D3 /* SWRevealViewController.m */; };
		29DF5D2F28150AAF00C40349 /* LoginVC.swift in Sources */ = {isa = PBXBuildFile; fileRef = 29DF5D2E28150AAF00C40349 /* LoginVC.swift */; };
		29DF5D322815169F00C40349 /* InputContainerView.swift in Sources */ = {isa = PBXBuildFile; fileRef = 29DF5D312815169F00C40349 /* InputContainerView.swift */; };
		43CA3488BFC3D4FD46C82D93 /* Pods_slack.framework in Frameworks */ = {isa = PBXBuildFile; fileRef = EC76E4D7886D135BB4CE12DF /* Pods_slack.framework */; };
/* End PBXBuildFile section */

/* Begin PBXFileReference section */
		16839D1CB53DD6B3D6F8DBCF /* Pods-slack.debug.xcconfig */ = {isa = PBXFileReference; includeInIndex = 1; lastKnownFileType = text.xcconfig; name = "Pods-slack.debug.xcconfig"; path = "Pods/Target Support Files/Pods-slack/Pods-slack.debug.xcconfig"; sourceTree = "<group>"; };
		290D87382810D84F000BDF2E /* slack.app */ = {isa = PBXFileReference; explicitFileType = wrapper.application; includeInIndex = 0; path = slack.app; sourceTree = BUILT_PRODUCTS_DIR; };
		290D873B2810D84F000BDF2E /* AppDelegate.swift */ = {isa = PBXFileReference; lastKnownFileType = sourcecode.swift; path = AppDelegate.swift; sourceTree = "<group>"; };
		290D873D2810D84F000BDF2E /* SceneDelegate.swift */ = {isa = PBXFileReference; lastKnownFileType = sourcecode.swift; path = SceneDelegate.swift; sourceTree = "<group>"; };
		290D87442810D851000BDF2E /* Assets.xcassets */ = {isa = PBXFileReference; lastKnownFileType = folder.assetcatalog; path = Assets.xcassets; sourceTree = "<group>"; };
		290D87472810D851000BDF2E /* Base */ = {isa = PBXFileReference; lastKnownFileType = file.storyboard; name = Base; path = Base.lproj/LaunchScreen.storyboard; sourceTree = "<group>"; };
		290D87492810D851000BDF2E /* Info.plist */ = {isa = PBXFileReference; lastKnownFileType = text.plist.xml; path = Info.plist; sourceTree = "<group>"; };
		296A03582811E60D0092FC86 /* ChatVC.swift */ = {isa = PBXFileReference; lastKnownFileType = sourcecode.swift; path = ChatVC.swift; sourceTree = "<group>"; };
		296A035C2811E61D0092FC86 /* ChannelVC.swift */ = {isa = PBXFileReference; lastKnownFileType = sourcecode.swift; path = ChannelVC.swift; sourceTree = "<group>"; };
		29A2D6172812251D0014FEE5 /* PresentationController.swift */ = {isa = PBXFileReference; lastKnownFileType = sourcecode.swift; path = PresentationController.swift; sourceTree = "<group>"; };
		29A2D61C281236ED0014FEE5 /* Extensions.swift */ = {isa = PBXFileReference; lastKnownFileType = sourcecode.swift; path = Extensions.swift; sourceTree = "<group>"; };
		29B76F0B2810FE9700D952D3 /* slack-Bridging-Header.h */ = {isa = PBXFileReference; lastKnownFileType = sourcecode.c.h; path = "slack-Bridging-Header.h"; sourceTree = "<group>"; };
		29B76F0C2810FE9900D952D3 /* SWRevealViewController.h */ = {isa = PBXFileReference; fileEncoding = 4; lastKnownFileType = sourcecode.c.h; path = SWRevealViewController.h; sourceTree = "<group>"; };
		29B76F0D2810FE9900D952D3 /* SWRevealViewController.m */ = {isa = PBXFileReference; fileEncoding = 4; lastKnownFileType = sourcecode.c.objc; path = SWRevealViewController.m; sourceTree = "<group>"; };
		29DF5D2E28150AAF00C40349 /* LoginVC.swift */ = {isa = PBXFileReference; lastKnownFileType = sourcecode.swift; path = LoginVC.swift; sourceTree = "<group>"; };
		29DF5D312815169F00C40349 /* InputContainerView.swift */ = {isa = PBXFileReference; lastKnownFileType = sourcecode.swift; path = InputContainerView.swift; sourceTree = "<group>"; };
		3DE976210BA3327572985390 /* Pods-slack.release.xcconfig */ = {isa = PBXFileReference; includeInIndex = 1; lastKnownFileType = text.xcconfig; name = "Pods-slack.release.xcconfig"; path = "Pods/Target Support Files/Pods-slack/Pods-slack.release.xcconfig"; sourceTree = "<group>"; };
		EC76E4D7886D135BB4CE12DF /* Pods_slack.framework */ = {isa = PBXFileReference; explicitFileType = wrapper.framework; includeInIndex = 0; path = Pods_slack.framework; sourceTree = BUILT_PRODUCTS_DIR; };
/* End PBXFileReference section */

/* Begin PBXFrameworksBuildPhase section */
		290D87352810D84F000BDF2E /* Frameworks */ = {
			isa = PBXFrameworksBuildPhase;
			buildActionMask = 2147483647;
			files = (
				43CA3488BFC3D4FD46C82D93 /* Pods_slack.framework in Frameworks */,
			);
			runOnlyForDeploymentPostprocessing = 0;
		};
/* End PBXFrameworksBuildPhase section */

/* Begin PBXGroup section */
		290D872F2810D84F000BDF2E = {
			isa = PBXGroup;
			children = (
				290D873A2810D84F000BDF2E /* slack */,
				290D87392810D84F000BDF2E /* Products */,
				FF48BAD25E4351C733051116 /* Pods */,
				F9EFE5A10A3331EDD5F6DEED /* Frameworks */,
			);
			sourceTree = "<group>";
		};
		290D87392810D84F000BDF2E /* Products */ = {
			isa = PBXGroup;
			children = (
				290D87382810D84F000BDF2E /* slack.app */,
			);
			name = Products;
			sourceTree = "<group>";
		};
		290D873A2810D84F000BDF2E /* slack */ = {
			isa = PBXGroup;
			children = (
				29A2D61B281236D60014FEE5 /* Utils */,
				296A03572811E5B00092FC86 /* Model */,
				296A03562811E5A40092FC86 /* View */,
				296A03552811E5930092FC86 /* Controller */,
				29B76F0A2810FE5D00D952D3 /* SupportingFiles */,
				290D873B2810D84F000BDF2E /* AppDelegate.swift */,
				290D873D2810D84F000BDF2E /* SceneDelegate.swift */,
				290D87442810D851000BDF2E /* Assets.xcassets */,
				290D87462810D851000BDF2E /* LaunchScreen.storyboard */,
				290D87492810D851000BDF2E /* Info.plist */,
			);
			path = slack;
			sourceTree = "<group>";
		};
		296A03552811E5930092FC86 /* Controller */ = {
			isa = PBXGroup;
			children = (
				296A03582811E60D0092FC86 /* ChatVC.swift */,
				29DF5D2E28150AAF00C40349 /* LoginVC.swift */,
				296A035C2811E61D0092FC86 /* ChannelVC.swift */,
				29A2D6172812251D0014FEE5 /* PresentationController.swift */,
			);
			path = Controller;
			sourceTree = "<group>";
		};
		296A03562811E5A40092FC86 /* View */ = {
			isa = PBXGroup;
			children = (
				29DF5D312815169F00C40349 /* InputContainerView.swift */,
			);
			path = View;
			sourceTree = "<group>";
		};
		296A03572811E5B00092FC86 /* Model */ = {
			isa = PBXGroup;
			children = (
			);
			path = Model;
			sourceTree = "<group>";
		};
		29A2D61B281236D60014FEE5 /* Utils */ = {
			isa = PBXGroup;
			children = (
				29A2D61C281236ED0014FEE5 /* Extensions.swift */,
			);
			path = Utils;
			sourceTree = "<group>";
		};
		29B76F0A2810FE5D00D952D3 /* SupportingFiles */ = {
			isa = PBXGroup;
			children = (
				29B76F0C2810FE9900D952D3 /* SWRevealViewController.h */,
				29B76F0D2810FE9900D952D3 /* SWRevealViewController.m */,
				29B76F0B2810FE9700D952D3 /* slack-Bridging-Header.h */,
			);
			path = SupportingFiles;
			sourceTree = "<group>";
		};
		F9EFE5A10A3331EDD5F6DEED /* Frameworks */ = {
			isa = PBXGroup;
			children = (
				EC76E4D7886D135BB4CE12DF /* Pods_slack.framework */,
			);
			name = Frameworks;
			sourceTree = "<group>";
		};
		FF48BAD25E4351C733051116 /* Pods */ = {
			isa = PBXGroup;
			children = (
				16839D1CB53DD6B3D6F8DBCF /* Pods-slack.debug.xcconfig */,
				3DE976210BA3327572985390 /* Pods-slack.release.xcconfig */,
			);
			name = Pods;
			sourceTree = "<group>";
		};
/* End PBXGroup section */

/* Begin PBXNativeTarget section */
		290D87372810D84F000BDF2E /* slack */ = {
			isa = PBXNativeTarget;
			buildConfigurationList = 290D874C2810D851000BDF2E /* Build configuration list for PBXNativeTarget "slack" */;
			buildPhases = (
				8752FCDC747D4F20C6FE720E /* [CP] Check Pods Manifest.lock */,
				290D87342810D84F000BDF2E /* Sources */,
				290D87352810D84F000BDF2E /* Frameworks */,
				290D87362810D84F000BDF2E /* Resources */,
				BEB15B7AE73B7D0ABA9BB140 /* [CP] Embed Pods Frameworks */,
			);
			buildRules = (
			);
			dependencies = (
			);
			name = slack;
			productName = slack;
			productReference = 290D87382810D84F000BDF2E /* slack.app */;
			productType = "com.apple.product-type.application";
		};
/* End PBXNativeTarget section */

/* Begin PBXProject section */
		290D87302810D84F000BDF2E /* Project object */ = {
			isa = PBXProject;
			attributes = {
				LastSwiftUpdateCheck = 1240;
				LastUpgradeCheck = 1240;
				TargetAttributes = {
					290D87372810D84F000BDF2E = {
						CreatedOnToolsVersion = 12.4;
						LastSwiftMigration = 1240;
					};
				};
			};
			buildConfigurationList = 290D87332810D84F000BDF2E /* Build configuration list for PBXProject "Slack" */;
			compatibilityVersion = "Xcode 9.3";
			developmentRegion = en;
			hasScannedForEncodings = 0;
			knownRegions = (
				en,
				Base,
			);
			mainGroup = 290D872F2810D84F000BDF2E;
			productRefGroup = 290D87392810D84F000BDF2E /* Products */;
			projectDirPath = "";
			projectRoot = "";
			targets = (
				290D87372810D84F000BDF2E /* slack */,
			);
		};
/* End PBXProject section */

/* Begin PBXResourcesBuildPhase section */
		290D87362810D84F000BDF2E /* Resources */ = {
			isa = PBXResourcesBuildPhase;
			buildActionMask = 2147483647;
			files = (
				290D87482810D851000BDF2E /* LaunchScreen.storyboard in Resources */,
				290D87452810D851000BDF2E /* Assets.xcassets in Resources */,
			);
			runOnlyForDeploymentPostprocessing = 0;
		};
/* End PBXResourcesBuildPhase section */

/* Begin PBXShellScriptBuildPhase section */
		8752FCDC747D4F20C6FE720E /* [CP] Check Pods Manifest.lock */ = {
			isa = PBXShellScriptBuildPhase;
			buildActionMask = 2147483647;
			files = (
			);
			inputPaths = (
				"${PODS_PODFILE_DIR_PATH}/Podfile.lock",
				"${PODS_ROOT}/Manifest.lock",
			);
			name = "[CP] Check Pods Manifest.lock";
			outputPaths = (
				"$(DERIVED_FILE_DIR)/Pods-slack-checkManifestLockResult.txt",
			);
			runOnlyForDeploymentPostprocessing = 0;
			shellPath = /bin/sh;
			shellScript = "diff \"${PODS_PODFILE_DIR_PATH}/Podfile.lock\" \"${PODS_ROOT}/Manifest.lock\" > /dev/null\nif [ $? != 0 ] ; then\n    # print error to STDERR\n    echo \"error: The sandbox is not in sync with the Podfile.lock. Run 'pod install' or update your CocoaPods installation.\" >&2\n    exit 1\nfi\n# This output is used by Xcode 'outputs' to avoid re-running this script phase.\necho \"SUCCESS\" > \"${SCRIPT_OUTPUT_FILE_0}\"\n";
			showEnvVarsInLog = 0;
		};
		BEB15B7AE73B7D0ABA9BB140 /* [CP] Embed Pods Frameworks */ = {
			isa = PBXShellScriptBuildPhase;
			buildActionMask = 2147483647;
			files = (
			);
			inputPaths = (
				"${SRCROOT}/Pods/Target Support Files/Pods-slack/Pods-slack-frameworks.sh",
				"${BUILT_PRODUCTS_DIR}/Alamofire/Alamofire.framework",
				"${BUILT_PRODUCTS_DIR}/Socket.IO-Client-Swift/SocketIO.framework",
				"${BUILT_PRODUCTS_DIR}/Starscream/Starscream.framework",
				"${BUILT_PRODUCTS_DIR}/SwiftyJSON/SwiftyJSON.framework",
			);
			name = "[CP] Embed Pods Frameworks";
			outputPaths = (
				"${TARGET_BUILD_DIR}/${FRAMEWORKS_FOLDER_PATH}/Alamofire.framework",
				"${TARGET_BUILD_DIR}/${FRAMEWORKS_FOLDER_PATH}/SocketIO.framework",
				"${TARGET_BUILD_DIR}/${FRAMEWORKS_FOLDER_PATH}/Starscream.framework",
				"${TARGET_BUILD_DIR}/${FRAMEWORKS_FOLDER_PATH}/SwiftyJSON.framework",
			);
			runOnlyForDeploymentPostprocessing = 0;
			shellPath = /bin/sh;
			shellScript = "\"${SRCROOT}/Pods/Target Support Files/Pods-slack/Pods-slack-frameworks.sh\"\n";
			showEnvVarsInLog = 0;
		};
/* End PBXShellScriptBuildPhase section */

/* Begin PBXSourcesBuildPhase section */
		290D87342810D84F000BDF2E /* Sources */ = {
			isa = PBXSourcesBuildPhase;
			buildActionMask = 2147483647;
			files = (
				296A03592811E60D0092FC86 /* ChatVC.swift in Sources */,
				290D873C2810D84F000BDF2E /* AppDelegate.swift in Sources */,
				29DF5D2F28150AAF00C40349 /* LoginVC.swift in Sources */,
				290D873E2810D84F000BDF2E /* SceneDelegate.swift in Sources */,
				29DF5D322815169F00C40349 /* InputContainerView.swift in Sources */,
				29A2D6182812251D0014FEE5 /* PresentationController.swift in Sources */,
				29B76F0E2810FE9900D952D3 /* SWRevealViewController.m in Sources */,
				296A035D2811E61D0092FC86 /* ChannelVC.swift in Sources */,
				29A2D61D281236ED0014FEE5 /* Extensions.swift in Sources */,
			);
			runOnlyForDeploymentPostprocessing = 0;
		};
/* End PBXSourcesBuildPhase section */

/* Begin PBXVariantGroup section */
		290D87462810D851000BDF2E /* LaunchScreen.storyboard */ = {
			isa = PBXVariantGroup;
			children = (
				290D87472810D851000BDF2E /* Base */,
			);
			name = LaunchScreen.storyboard;
			sourceTree = "<group>";
		};
/* End PBXVariantGroup section */

/* Begin XCBuildConfiguration section */
		290D874A2810D851000BDF2E /* Debug */ = {
			isa = XCBuildConfiguration;
			buildSettings = {
				ALWAYS_SEARCH_USER_PATHS = NO;
				CLANG_ANALYZER_NONNULL = YES;
				CLANG_ANALYZER_NUMBER_OBJECT_CONVERSION = YES_AGGRESSIVE;
				CLANG_CXX_LANGUAGE_STANDARD = "gnu++14";
				CLANG_CXX_LIBRARY = "libc++";
				CLANG_ENABLE_MODULES = YES;
				CLANG_ENABLE_OBJC_ARC = YES;
				CLANG_ENABLE_OBJC_WEAK = YES;
				CLANG_WARN_BLOCK_CAPTURE_AUTORELEASING = YES;
				CLANG_WARN_BOOL_CONVERSION = YES;
				CLANG_WARN_COMMA = YES;
				CLANG_WARN_CONSTANT_CONVERSION = YES;
				CLANG_WARN_DEPRECATED_OBJC_IMPLEMENTATIONS = YES;
				CLANG_WARN_DIRECT_OBJC_ISA_USAGE = YES_ERROR;
				CLANG_WARN_DOCUMENTATION_COMMENTS = YES;
				CLANG_WARN_EMPTY_BODY = YES;
				CLANG_WARN_ENUM_CONVERSION = YES;
				CLANG_WARN_INFINITE_RECURSION = YES;
				CLANG_WARN_INT_CONVERSION = YES;
				CLANG_WARN_NON_LITERAL_NULL_CONVERSION = YES;
				CLANG_WARN_OBJC_IMPLICIT_RETAIN_SELF = YES;
				CLANG_WARN_OBJC_LITERAL_CONVERSION = YES;
				CLANG_WARN_OBJC_ROOT_CLASS = YES_ERROR;
				CLANG_WARN_QUOTED_INCLUDE_IN_FRAMEWORK_HEADER = YES;
				CLANG_WARN_RANGE_LOOP_ANALYSIS = YES;
				CLANG_WARN_STRICT_PROTOTYPES = YES;
				CLANG_WARN_SUSPICIOUS_MOVE = YES;
				CLANG_WARN_UNGUARDED_AVAILABILITY = YES_AGGRESSIVE;
				CLANG_WARN_UNREACHABLE_CODE = YES;
				CLANG_WARN__DUPLICATE_METHOD_MATCH = YES;
				COPY_PHASE_STRIP = NO;
				DEBUG_INFORMATION_FORMAT = dwarf;
				ENABLE_STRICT_OBJC_MSGSEND = YES;
				ENABLE_TESTABILITY = YES;
				GCC_C_LANGUAGE_STANDARD = gnu11;
				GCC_DYNAMIC_NO_PIC = NO;
				GCC_NO_COMMON_BLOCKS = YES;
				GCC_OPTIMIZATION_LEVEL = 0;
				GCC_PREPROCESSOR_DEFINITIONS = (
					"DEBUG=1",
					"$(inherited)",
				);
				GCC_WARN_64_TO_32_BIT_CONVERSION = YES;
				GCC_WARN_ABOUT_RETURN_TYPE = YES_ERROR;
				GCC_WARN_UNDECLARED_SELECTOR = YES;
				GCC_WARN_UNINITIALIZED_AUTOS = YES_AGGRESSIVE;
				GCC_WARN_UNUSED_FUNCTION = YES;
				GCC_WARN_UNUSED_VARIABLE = YES;
				IPHONEOS_DEPLOYMENT_TARGET = 14.4;
				MTL_ENABLE_DEBUG_INFO = INCLUDE_SOURCE;
				MTL_FAST_MATH = YES;
				ONLY_ACTIVE_ARCH = YES;
				SDKROOT = iphoneos;
				SWIFT_ACTIVE_COMPILATION_CONDITIONS = DEBUG;
				SWIFT_OPTIMIZATION_LEVEL = "-Onone";
			};
			name = Debug;
		};
		290D874B2810D851000BDF2E /* Release */ = {
			isa = XCBuildConfiguration;
			buildSettings = {
				ALWAYS_SEARCH_USER_PATHS = NO;
				CLANG_ANALYZER_NONNULL = YES;
				CLANG_ANALYZER_NUMBER_OBJECT_CONVERSION = YES_AGGRESSIVE;
				CLANG_CXX_LANGUAGE_STANDARD = "gnu++14";
				CLANG_CXX_LIBRARY = "libc++";
				CLANG_ENABLE_MODULES = YES;
				CLANG_ENABLE_OBJC_ARC = YES;
				CLANG_ENABLE_OBJC_WEAK = YES;
				CLANG_WARN_BLOCK_CAPTURE_AUTORELEASING = YES;
				CLANG_WARN_BOOL_CONVERSION = YES;
				CLANG_WARN_COMMA = YES;
				CLANG_WARN_CONSTANT_CONVERSION = YES;
				CLANG_WARN_DEPRECATED_OBJC_IMPLEMENTATIONS = YES;
				CLANG_WARN_DIRECT_OBJC_ISA_USAGE = YES_ERROR;
				CLANG_WARN_DOCUMENTATION_COMMENTS = YES;
				CLANG_WARN_EMPTY_BODY = YES;
				CLANG_WARN_ENUM_CONVERSION = YES;
				CLANG_WARN_INFINITE_RECURSION = YES;
				CLANG_WARN_INT_CONVERSION = YES;
				CLANG_WARN_NON_LITERAL_NULL_CONVERSION = YES;
				CLANG_WARN_OBJC_IMPLICIT_RETAIN_SELF = YES;
				CLANG_WARN_OBJC_LITERAL_CONVERSION = YES;
				CLANG_WARN_OBJC_ROOT_CLASS = YES_ERROR;
				CLANG_WARN_QUOTED_INCLUDE_IN_FRAMEWORK_HEADER = YES;
				CLANG_WARN_RANGE_LOOP_ANALYSIS = YES;
				CLANG_WARN_STRICT_PROTOTYPES = YES;
				CLANG_WARN_SUSPICIOUS_MOVE = YES;
				CLANG_WARN_UNGUARDED_AVAILABILITY = YES_AGGRESSIVE;
				CLANG_WARN_UNREACHABLE_CODE = YES;
				CLANG_WARN__DUPLICATE_METHOD_MATCH = YES;
				COPY_PHASE_STRIP = NO;
				DEBUG_INFORMATION_FORMAT = "dwarf-with-dsym";
				ENABLE_NS_ASSERTIONS = NO;
				ENABLE_STRICT_OBJC_MSGSEND = YES;
				GCC_C_LANGUAGE_STANDARD = gnu11;
				GCC_NO_COMMON_BLOCKS = YES;
				GCC_WARN_64_TO_32_BIT_CONVERSION = YES;
				GCC_WARN_ABOUT_RETURN_TYPE = YES_ERROR;
				GCC_WARN_UNDECLARED_SELECTOR = YES;
				GCC_WARN_UNINITIALIZED_AUTOS = YES_AGGRESSIVE;
				GCC_WARN_UNUSED_FUNCTION = YES;
				GCC_WARN_UNUSED_VARIABLE = YES;
				IPHONEOS_DEPLOYMENT_TARGET = 14.4;
				MTL_ENABLE_DEBUG_INFO = NO;
				MTL_FAST_MATH = YES;
				SDKROOT = iphoneos;
				SWIFT_COMPILATION_MODE = wholemodule;
				SWIFT_OPTIMIZATION_LEVEL = "-O";
				VALIDATE_PRODUCT = YES;
			};
			name = Release;
		};
		290D874D2810D851000BDF2E /* Debug */ = {
			isa = XCBuildConfiguration;
			baseConfigurationReference = 16839D1CB53DD6B3D6F8DBCF /* Pods-slack.debug.xcconfig */;
			buildSettings = {
				ASSETCATALOG_COMPILER_APPICON_NAME = AppIcon;
				ASSETCATALOG_COMPILER_GLOBAL_ACCENT_COLOR_NAME = AccentColor;
				CLANG_ENABLE_MODULES = YES;
				CODE_SIGN_STYLE = Automatic;
				DEVELOPMENT_TEAM = GTU3MN4DTE;
				INFOPLIST_FILE = slack/Info.plist;
				LD_RUNPATH_SEARCH_PATHS = (
					"$(inherited)",
					"@executable_path/Frameworks",
				);
				PRODUCT_BUNDLE_IDENTIFIER = com.AgileAssociates.slack;
				PRODUCT_NAME = "$(TARGET_NAME)";
				SWIFT_OBJC_BRIDGING_HEADER = "slack/SupportingFiles/slack-Bridging-Header.h";
				SWIFT_OPTIMIZATION_LEVEL = "-Onone";
				SWIFT_VERSION = 5.0;
				TARGETED_DEVICE_FAMILY = "1,2";
			};
			name = Debug;
		};
		290D874E2810D851000BDF2E /* Release */ = {
			isa = XCBuildConfiguration;
			baseConfigurationReference = 3DE976210BA3327572985390 /* Pods-slack.release.xcconfig */;
			buildSettings = {
				ASSETCATALOG_COMPILER_APPICON_NAME = AppIcon;
				ASSETCATALOG_COMPILER_GLOBAL_ACCENT_COLOR_NAME = AccentColor;
				CLANG_ENABLE_MODULES = YES;
				CODE_SIGN_STYLE = Automatic;
				DEVELOPMENT_TEAM = GTU3MN4DTE;
				INFOPLIST_FILE = slack/Info.plist;
				LD_RUNPATH_SEARCH_PATHS = (
					"$(inherited)",
					"@executable_path/Frameworks",
				);
				PRODUCT_BUNDLE_IDENTIFIER = com.AgileAssociates.slack;
				PRODUCT_NAME = "$(TARGET_NAME)";
				SWIFT_OBJC_BRIDGING_HEADER = "slack/SupportingFiles/slack-Bridging-Header.h";
				SWIFT_VERSION = 5.0;
				TARGETED_DEVICE_FAMILY = "1,2";
			};
			name = Release;
		};
/* End XCBuildConfiguration section */

/* Begin XCConfigurationList section */
		290D87332810D84F000BDF2E /* Build configuration list for PBXProject "Slack" */ = {
			isa = XCConfigurationList;
			buildConfigurations = (
				290D874A2810D851000BDF2E /* Debug */,
				290D874B2810D851000BDF2E /* Release */,
			);
			defaultConfigurationIsVisible = 0;
			defaultConfigurationName = Release;
		};
		290D874C2810D851000BDF2E /* Build configuration list for PBXNativeTarget "slack" */ = {
			isa = XCConfigurationList;
			buildConfigurations = (
				290D874D2810D851000BDF2E /* Debug */,
				290D874E2810D851000BDF2E /* Release */,
			);
			defaultConfigurationIsVisible = 0;
			defaultConfigurationName = Release;
		};
/* End XCConfigurationList section */
	};
	rootObject = 290D87302810D84F000BDF2E /* Project object */;
}
